<Solution>
  <Folder Name="/Additional Files/">
    <File Path=".dockerignore" />
    <File Path=".editorconfig" />
    <File Path=".env" />
    <File Path=".env.example" />
    <File Path=".github/workflows/codeql-analysis.yml" />
    <File Path=".github/workflows/dotnetcore.yml" />
    <File Path=".github/workflows/sonar.yml" />
    <File Path=".gitignore" />
    <File Path=".gitlab-ci.yml" />
    <File Path="AAEmu.sln.DotSettings" />
    <File Path="CONTRIBUTING.md" />
    <File Path="Directory.Build.props" />
    <File Path="docker-compose.yaml" />
    <File Path="exclusion.dic" />
    <File Path="global.json" />
    <File Path="README.md" />
    <File Path="Directory.Packages.props" />
  </Folder>
  <Folder Name="/Additional Files/Docs/">
    <File Path="Docs/Docker-Installation-Guide.md" />
    <File Path="Docs/getstarted.md" />
    <File Path="Docs/components.md" />
    <File Path="Docs/known_issues.txt" />
  </Folder>
  <Folder Name="/Additional Files/Scripts/">
    <File Path="Scripts/docker-install-local.ps1" />
    <File Path="Scripts/docker-install-local.sh" />
    <File Path="Scripts/docker-update-local.ps1" />
    <File Path="Scripts/docker-update-local.sh" />
    <File Path="Scripts/publish.sh" />
    <File Path="Scripts/start AAEmu.Game.bat" />
    <File Path="Scripts/start AAEmu.Login.bat" />
    <File Path="Scripts/start_game.sh" />
    <File Path="Scripts/start_login.sh" />
    <File Path="Scripts/StartGameServer.bat" />
    <File Path="Scripts/StartLoginServer.bat" />
    <File Path="Scripts/WatchGameServer.ps1" />
    <File Path="Scripts/WatchLoginServer.ps1" />
    <File Path="Scripts/start_AAEmu_publish.bat" />
  </Folder>
  <Folder Name="/Additional Files/SQL/">
    <File Path="SQL/aaemu_game.sql" />
    <File Path="SQL/aaemu_login.sql" />
  </Folder>
  <Folder Name="/Additional Files/SQL/Examples/">
    <File Path="SQL/examples/example-ics-default-en.sql" />
    <File Path="SQL/examples/example-server.sql" />
    <File Path="SQL/examples/test-user.sql" />
  </Folder>
  <Folder Name="/Additional Files/SQL/Updates/">
    <File Path="SQL/updates/2019-02-04_aaemu_game.sql" />
    <File Path="SQL/updates/2019-02-11_aaemu_game.sql" />
    <File Path="SQL/updates/2019-02-12_aaemu_game.sql" />
    <File Path="SQL/updates/2019-02-18_aaemu_game.sql" />
    <File Path="SQL/updates/2019-02-27_aaemu_game.sql" />
    <File Path="SQL/updates/2019-02-28_aaemu_game.sql" />
    <File Path="SQL/updates/2019-03-06_aaemu_game.sql" />
    <File Path="SQL/updates/2019-03-09_aaemu_game.sql" />
    <File Path="SQL/updates/2019-03-13_aaemu_game.sql" />
    <File Path="SQL/updates/2019-03-16_aaemu_game.sql" />
    <File Path="SQL/updates/2019-03-20_aaemu_game.sql" />
    <File Path="SQL/updates/2019-03-23_aaemu_game.sql" />
    <File Path="SQL/updates/2019-05-07_aaemu_game.sql" />
    <File Path="SQL/updates/2019-09-07_aaemu_game.sql" />
    <File Path="SQL/updates/2020-04-29_aaemu_game_auction_house.sql" />
    <File Path="SQL/updates/2020-04-30_aaemu_game.sql" />
    <File Path="SQL/updates/2020-04-30_aaemu_game_items.sql" />
    <File Path="SQL/updates/2020-05-09_aaemu_game_items.sql" />
    <File Path="SQL/updates/2020-05-10_aaemu_game_mails.sql" />
    <File Path="SQL/updates/2020-05-14_aaemu_game_items.sql" />
    <File Path="SQL/updates/2020-05-16_aaemu_game_auction_hourse.sql" />
    <File Path="SQL/updates/2020-05-25_aaemu_game_auction_house.sql" />
    <File Path="SQL/updates/2020-12-04_aaemu_game_auction_house.sql" />
    <File Path="SQL/updates/2020-12-09_aaemu_game_accounts.sql" />
    <File Path="SQL/updates/2020-12-09_aaemu_game_items.sql" />
    <File Path="SQL/updates/2020-12-10_aaemu_game_doodads.sql" />
    <File Path="SQL/updates/2020-12-10_aaemu_game_hostile_faction_kills.sql" />
    <File Path="SQL/updates/2020-12-10_aaemu_game_housing.sql" />
    <File Path="SQL/updates/2020-12-26_aaemu_game_fix_world_id.sql" />
    <File Path="SQL/updates/2021-04-10_aaemu_game_ucc.sql" />
    <File Path="SQL/updates/2021-07-11_aaemu_game_transform.sql" />
    <File Path="SQL/updates/2021-07-15_aaemu_game_furniture.sql" />
    <File Path="SQL/updates/2021-07-21_aaemu_game_transform.sql" />
    <File Path="SQL/updates/2021-09-11_aaemu_game_ucc.sql" />
    <File Path="SQL/updates/2021-09-23_aaemu_game_music.sql" />
    <File Path="SQL/updates/2021-11-12_aaemu_game_index_fix.sql" />
    <File Path="SQL/updates/2022-02-10_aaemu_game_characters-return_district.sql" />
    <File Path="SQL/updates/2022-02-18_aaemu_game_characters-create_at&amp;update_at_fix.sql" />
    <File Path="SQL/updates/2022-05-14_aaemu_game_item_containers.sql" />
    <File Path="SQL/updates/2022-07-07_aaemu_game_coffers.sql" />
    <File Path="SQL/updates/2022-07-08_aaemu_game_doodad_data.sql" />
    <File Path="SQL/updates/2022-07-28_aaemu_game_expire_item.sql" />
    <File Path="SQL/updates/2022-09-22_aaemu_game_mail_text.sql" />
    <File Path="SQL/updates/2022-09-23_aaemu_game_characters_experience.sql" />
    <File Path="SQL/updates/2023-10-08_aaemu_game_slaves.sql" />
    <File Path="SQL/updates/2024-02-16_aaemu_game_ics.sql" />
    <File Path="SQL/updates/2024-03-11_aaemu_game_item_containers.sql" />
    <File Path="SQL/updates/2024-05-10_aaemu_game_account_update.sql" />
    <File Path="SQL/updates/2024-05-04_aaemu_game_slaves_update.sql" />
    <File Path="SQL/updates/2024-06-14_aaemu_game_doodads_update.sql" />
    <File Path="SQL/updates/2024-07-10_aaemu_game_jury_points.sql" />
    <File Path="SQL/updates/2024-08-04_aaemu_game_online_time.sql" />
    <File Path="SQL/updates/2024-10-29_aaemu_game_auction_house_update.sql" />
    <File Path="SQL/updates/2024-10-30_aaemu_game_auction_house_update.sql" />
    <File Path="SQL/updates/2024-10-30_aaemu_game_item_containers_update.sql" />
    <File Path="SQL/updates/2024-10-30_aaemu_game_items_update.sql" />
    <File Path="SQL/updates/2025-02-05_aaemu_login_ban_basics.sql" />
    <File Path="SQL/updates/2025-02-15_aaemu_game_audit_char_sus.sql" />
    <File Path="SQL/updates/readme.txt" />
  </Folder>
  <Folder Name="/Applications/">
    <Project Path="AAEmu.Commons/AAEmu.Commons.csproj" />
    <Project Path="AAEmu.Game/AAEmu.Game.csproj" />
    <Project Path="AAEmu.Login/AAEmu.Login.csproj" />
  </Folder>
  <Folder Name="/Tests/">
    <Project Path="AAEmu.IntegrationTests/AAEmu.IntegrationTests.csproj" />
    <Project Path="AAEmu.UnitTests/AAEmu.UnitTests.csproj" />
  </Folder>
</Solution>