
Microsoft Visual Studio Solution File, Format Version 12.00
# Visual Studio Version 17
VisualStudioVersion = 17.2.32616.157
MinimumVisualStudioVersion = 10.0.40219.1
Project("{9A19103F-16F7-4668-BE54-9A1E7A4F7556}") = "AAEmu.Login", "AAEmu.Login\AAEmu.Login.csproj", "{B96F704A-47C7-4FB0-A207-5ECF7A1039CC}"
EndProject
Project("{9A19103F-16F7-4668-BE54-9A1E7A4F7556}") = "AAEmu.Commons", "AAEmu.Commons\AAEmu.Commons.csproj", "{BE6EC60B-7C7E-4458-B427-4BC546517A6A}"
EndProject
Project("{9A19103F-16F7-4668-BE54-9A1E7A4F7556}") = "AAEmu.Game", "AAEmu.Game\AAEmu.Game.csproj", "{B17DD122-1843-4176-A0CB-8A4A8B434044}"
EndProject
Project("{9A19103F-16F7-4668-BE54-9A1E7A4F7556}") = "AAEmu.UnitTests", "AAEmu.UnitTests\AAEmu.UnitTests.csproj", "{0E614BCF-6BA2-4986-85DA-8A0AA9C57C6B}"
EndProject
Project("{9A19103F-16F7-4668-BE54-9A1E7A4F7556}") = "AAEmu.IntegrationTests", "AAEmu.IntegrationTests\AAEmu.IntegrationTests.csproj", "{9D26DA94-2E47-45D5-9A23-14C52FA2638A}"
EndProject
Project("{2150E333-8FDC-42A3-9474-1A3956D46DE8}") = "Tests", "Tests", "{37933EC9-EBED-4B75-B7E9-796BEE2CA3D3}"
EndProject
Project("{2150E333-8FDC-42A3-9474-1A3956D46DE8}") = "Applications", "Applications", "{B20B2996-83AC-4BAB-9A7C-638DBEEDF47A}"
EndProject
Project("{2150E333-8FDC-42A3-9474-1A3956D46DE8}") = "Additional Files", "Additional Files", "{ADE4FB05-479F-4C5A-9E6E-1E785A26C158}"
	ProjectSection(SolutionItems) = preProject
		.dockerignore = .dockerignore
		.editorconfig = .editorconfig
		.env = .env
		.gitignore = .gitignore
		.gitlab-ci.yml = .gitlab-ci.yml
		AAEmu.sln.DotSettings = AAEmu.sln.DotSettings
		.github\workflows\codeql-analysis.yml = .github\workflows\codeql-analysis.yml
		CONTRIBUTING.md = CONTRIBUTING.md
		docker-compose.yaml = docker-compose.yaml
		.github\workflows\dotnetcore.yml = .github\workflows\dotnetcore.yml
		global.json = global.json
		README.md = README.md
		.github\workflows\sonar.yml = .github\workflows\sonar.yml
	EndProjectSection
EndProject
Project("{2150E333-8FDC-42A3-9474-1A3956D46DE8}") = "SQL", "SQL", "{DC5065BC-D9B9-4B81-97D9-45527C90A0B6}"
	ProjectSection(SolutionItems) = preProject
		SQL\aaemu_game.sql = SQL\aaemu_game.sql
		SQL\aaemu_login.sql = SQL\aaemu_login.sql
	EndProjectSection
EndProject
Project("{2150E333-8FDC-42A3-9474-1A3956D46DE8}") = "Updates", "Updates", "{6573E369-7092-4B93-825A-36E81B5DD714}"
	ProjectSection(SolutionItems) = preProject
		SQL\updates\2019-02-04_aaemu_game.sql = SQL\updates\2019-02-04_aaemu_game.sql
		SQL\updates\2019-02-11_aaemu_game.sql = SQL\updates\2019-02-11_aaemu_game.sql
		SQL\updates\2019-02-12_aaemu_game.sql = SQL\updates\2019-02-12_aaemu_game.sql
		SQL\updates\2019-02-18_aaemu_game.sql = SQL\updates\2019-02-18_aaemu_game.sql
		SQL\updates\2019-02-27_aaemu_game.sql = SQL\updates\2019-02-27_aaemu_game.sql
		SQL\updates\2019-02-28_aaemu_game.sql = SQL\updates\2019-02-28_aaemu_game.sql
		SQL\updates\2019-03-06_aaemu_game.sql = SQL\updates\2019-03-06_aaemu_game.sql
		SQL\updates\2019-03-09_aaemu_game.sql = SQL\updates\2019-03-09_aaemu_game.sql
		SQL\updates\2019-03-13_aaemu_game.sql = SQL\updates\2019-03-13_aaemu_game.sql
		SQL\updates\2019-03-16_aaemu_game.sql = SQL\updates\2019-03-16_aaemu_game.sql
		SQL\updates\2019-03-20_aaemu_game.sql = SQL\updates\2019-03-20_aaemu_game.sql
		SQL\updates\2019-03-23_aaemu_game.sql = SQL\updates\2019-03-23_aaemu_game.sql
		SQL\updates\2019-05-07_aaemu_game.sql = SQL\updates\2019-05-07_aaemu_game.sql
		SQL\updates\2019-09-07_aaemu_game.sql = SQL\updates\2019-09-07_aaemu_game.sql
		SQL\updates\2020-04-29_aaemu_game_auction_house.sql = SQL\updates\2020-04-29_aaemu_game_auction_house.sql
		SQL\updates\2020-04-30_aaemu_game.sql = SQL\updates\2020-04-30_aaemu_game.sql
		SQL\updates\2020-04-30_aaemu_game_items.sql = SQL\updates\2020-04-30_aaemu_game_items.sql
		SQL\updates\2020-05-09_aaemu_game_items.sql = SQL\updates\2020-05-09_aaemu_game_items.sql
		SQL\updates\2020-05-10_aaemu_game_mails.sql = SQL\updates\2020-05-10_aaemu_game_mails.sql
		SQL\updates\2020-05-14_aaemu_game_items.sql = SQL\updates\2020-05-14_aaemu_game_items.sql
		SQL\updates\2020-05-16_aaemu_game_auction_hourse.sql = SQL\updates\2020-05-16_aaemu_game_auction_hourse.sql
		SQL\updates\2020-05-25_aaemu_game_auction_house.sql = SQL\updates\2020-05-25_aaemu_game_auction_house.sql
		SQL\updates\2020-12-04_aaemu_game_auction_house.sql = SQL\updates\2020-12-04_aaemu_game_auction_house.sql
		SQL\updates\2020-12-09_aaemu_game_accounts.sql = SQL\updates\2020-12-09_aaemu_game_accounts.sql
		SQL\updates\2020-12-09_aaemu_game_items.sql = SQL\updates\2020-12-09_aaemu_game_items.sql
		SQL\updates\2020-12-10_aaemu_game_doodads.sql = SQL\updates\2020-12-10_aaemu_game_doodads.sql
		SQL\updates\2020-12-10_aaemu_game_hostile_faction_kills.sql = SQL\updates\2020-12-10_aaemu_game_hostile_faction_kills.sql
		SQL\updates\2020-12-10_aaemu_game_housing.sql = SQL\updates\2020-12-10_aaemu_game_housing.sql
		SQL\updates\2020-12-26_aaemu_game_fix_world_id.sql = SQL\updates\2020-12-26_aaemu_game_fix_world_id.sql
		SQL\updates\2021-04-10_aaemu_game_ucc.sql = SQL\updates\2021-04-10_aaemu_game_ucc.sql
		SQL\updates\2021-07-11_aaemu_game_transform.sql = SQL\updates\2021-07-11_aaemu_game_transform.sql
		SQL\updates\2021-07-15_aaemu_game_furniture.sql = SQL\updates\2021-07-15_aaemu_game_furniture.sql
		SQL\updates\2021-07-21_aaemu_game_transform.sql = SQL\updates\2021-07-21_aaemu_game_transform.sql
		SQL\updates\2021-09-11_aaemu_game_ucc.sql = SQL\updates\2021-09-11_aaemu_game_ucc.sql
		SQL\updates\2021-09-23_aaemu_game_music.sql = SQL\updates\2021-09-23_aaemu_game_music.sql
		SQL\updates\2021-11-12_aaemu_game_index_fix.sql = SQL\updates\2021-11-12_aaemu_game_index_fix.sql
		SQL\updates\2022-02-10_aaemu_game_characters-return_district.sql = SQL\updates\2022-02-10_aaemu_game_characters-return_district.sql
		SQL\updates\2022-02-18_aaemu_game_characters-create_at&update_at_fix.sql = SQL\updates\2022-02-18_aaemu_game_characters-create_at&update_at_fix.sql
		SQL\updates\2022-05-14_aaemu_game_item_containers.sql = SQL\updates\2022-05-14_aaemu_game_item_containers.sql
		SQL\updates\2022-07-07_aaemu_game_coffers.sql = SQL\updates\2022-07-07_aaemu_game_coffers.sql
		SQL\updates\2022-07-08_aaemu_game_doodad_data.sql = SQL\updates\2022-07-08_aaemu_game_doodad_data.sql
		SQL\updates\2022-07-28_aaemu_game_expire_item.sql = SQL\updates\2022-07-28_aaemu_game_expire_item.sql
		SQL\updates\2022-09-22_aaemu_game_mail_text.sql = SQL\updates\2022-09-22_aaemu_game_mail_text.sql
		SQL\updates\2022-09-23_aaemu_game_characters_experience.sql = SQL\updates\2022-09-23_aaemu_game_characters_experience.sql
		SQL\updates\2023-10-08_aaemu_game_slaves.sql = SQL\updates\2023-10-08_aaemu_game_slaves.sql
		SQL\updates\2024-02-16_aaemu_game_ics.sql = SQL\updates\2024-02-16_aaemu_game_ics.sql
		SQL\updates\2024-03-11_aaemu_game_item_containers.sql = SQL\updates\2024-03-11_aaemu_game_item_containers.sql
		SQL\updates\2024-05-04_aaemu_game_slaves_update.sql = SQL\updates\2024-05-04_aaemu_game_slaves_update.sql
		SQL\updates\2024-05-10_aaemu_game_account_update.sql = SQL\updates\2024-05-10_aaemu_game_account_update.sql
		SQL\updates\readme.txt = SQL\updates\readme.txt
	EndProjectSection
EndProject
Project("{2150E333-8FDC-42A3-9474-1A3956D46DE8}") = "Docs", "Docs", "{4D10DE27-69C5-4826-8758-322DD4E7AFE5}"
	ProjectSection(SolutionItems) = preProject
		Docs\docker-help.txt = Docs\docker-help.txt
		Docs\known_issues.txt = Docs\known_issues.txt
	EndProjectSection
EndProject
Project("{2150E333-8FDC-42A3-9474-1A3956D46DE8}") = "Examples", "Examples", "{66EEB549-6D3C-4ABC-834E-9DC59720DF4E}"
	ProjectSection(SolutionItems) = preProject
		SQL\examples\cash_shop_item.sql = SQL\examples\cash_shop_item.sql
		SQL\examples\cash_shop_item_Славь.sql = SQL\examples\cash_shop_item_Славь.sql
		SQL\examples\example-cash-shop.sql = SQL\examples\example-cash-shop.sql
		SQL\examples\example-server.sql = SQL\examples\example-server.sql
		SQL\examples\magazin_dlay_testerov_Славь.sql = SQL\examples\magazin_dlay_testerov_Славь.sql
		SQL\examples\test-user.sql = SQL\examples\test-user.sql
	EndProjectSection
EndProject
Project("{2150E333-8FDC-42A3-9474-1A3956D46DE8}") = "Scripts", "Scripts", "{2A4FF077-4CA2-4FB5-A16C-D98F4F30D485}"
	ProjectSection(SolutionItems) = preProject
		Scripts\clear-caches.sh = Scripts\clear-caches.sh
		Scripts\publish.sh = Scripts\publish.sh
		Scripts\start AAEmu.Game.bat = Scripts\start AAEmu.Game.bat
		Scripts\start AAEmu.Login.bat = Scripts\start AAEmu.Login.bat
		Scripts\start.sh = Scripts\start.sh
		Scripts\StartGameServer.bat = Scripts\StartGameServer.bat
		Scripts\StartLoginServer.bat = Scripts\StartLoginServer.bat
		Scripts\start_AAEmu_publish.bat = Scripts\start_AAEmu_publish.bat
		Scripts\stop-reset-db.sh = Scripts\stop-reset-db.sh
		Scripts\stop.sh = Scripts\stop.sh
	EndProjectSection
EndProject
Global
	GlobalSection(SolutionConfigurationPlatforms) = preSolution
		Debug|Any CPU = Debug|Any CPU
		Release|Any CPU = Release|Any CPU
	EndGlobalSection
	GlobalSection(ProjectConfigurationPlatforms) = postSolution
		{B96F704A-47C7-4FB0-A207-5ECF7A1039CC}.Debug|Any CPU.ActiveCfg = Debug|Any CPU
		{B96F704A-47C7-4FB0-A207-5ECF7A1039CC}.Debug|Any CPU.Build.0 = Debug|Any CPU
		{B96F704A-47C7-4FB0-A207-5ECF7A1039CC}.Release|Any CPU.ActiveCfg = Release|Any CPU
		{B96F704A-47C7-4FB0-A207-5ECF7A1039CC}.Release|Any CPU.Build.0 = Release|Any CPU
		{BE6EC60B-7C7E-4458-B427-4BC546517A6A}.Debug|Any CPU.ActiveCfg = Debug|Any CPU
		{BE6EC60B-7C7E-4458-B427-4BC546517A6A}.Debug|Any CPU.Build.0 = Debug|Any CPU
		{BE6EC60B-7C7E-4458-B427-4BC546517A6A}.Release|Any CPU.ActiveCfg = Release|Any CPU
		{BE6EC60B-7C7E-4458-B427-4BC546517A6A}.Release|Any CPU.Build.0 = Release|Any CPU
		{B17DD122-1843-4176-A0CB-8A4A8B434044}.Debug|Any CPU.ActiveCfg = Debug|Any CPU
		{B17DD122-1843-4176-A0CB-8A4A8B434044}.Debug|Any CPU.Build.0 = Debug|Any CPU
		{B17DD122-1843-4176-A0CB-8A4A8B434044}.Release|Any CPU.ActiveCfg = Release|Any CPU
		{B17DD122-1843-4176-A0CB-8A4A8B434044}.Release|Any CPU.Build.0 = Release|Any CPU
		{0E614BCF-6BA2-4986-85DA-8A0AA9C57C6B}.Debug|Any CPU.ActiveCfg = Debug|Any CPU
		{0E614BCF-6BA2-4986-85DA-8A0AA9C57C6B}.Debug|Any CPU.Build.0 = Debug|Any CPU
		{0E614BCF-6BA2-4986-85DA-8A0AA9C57C6B}.Release|Any CPU.ActiveCfg = Release|Any CPU
		{0E614BCF-6BA2-4986-85DA-8A0AA9C57C6B}.Release|Any CPU.Build.0 = Release|Any CPU
		{9D26DA94-2E47-45D5-9A23-14C52FA2638A}.Debug|Any CPU.ActiveCfg = Debug|Any CPU
		{9D26DA94-2E47-45D5-9A23-14C52FA2638A}.Debug|Any CPU.Build.0 = Debug|Any CPU
		{9D26DA94-2E47-45D5-9A23-14C52FA2638A}.Release|Any CPU.ActiveCfg = Release|Any CPU
		{9D26DA94-2E47-45D5-9A23-14C52FA2638A}.Release|Any CPU.Build.0 = Release|Any CPU
	EndGlobalSection
	GlobalSection(SolutionProperties) = preSolution
		HideSolutionNode = FALSE
	EndGlobalSection
	GlobalSection(NestedProjects) = preSolution
		{B96F704A-47C7-4FB0-A207-5ECF7A1039CC} = {B20B2996-83AC-4BAB-9A7C-638DBEEDF47A}
		{BE6EC60B-7C7E-4458-B427-4BC546517A6A} = {B20B2996-83AC-4BAB-9A7C-638DBEEDF47A}
		{B17DD122-1843-4176-A0CB-8A4A8B434044} = {B20B2996-83AC-4BAB-9A7C-638DBEEDF47A}
		{0E614BCF-6BA2-4986-85DA-8A0AA9C57C6B} = {37933EC9-EBED-4B75-B7E9-796BEE2CA3D3}
		{9D26DA94-2E47-45D5-9A23-14C52FA2638A} = {37933EC9-EBED-4B75-B7E9-796BEE2CA3D3}
		{DC5065BC-D9B9-4B81-97D9-45527C90A0B6} = {ADE4FB05-479F-4C5A-9E6E-1E785A26C158}
		{6573E369-7092-4B93-825A-36E81B5DD714} = {DC5065BC-D9B9-4B81-97D9-45527C90A0B6}
		{4D10DE27-69C5-4826-8758-322DD4E7AFE5} = {ADE4FB05-479F-4C5A-9E6E-1E785A26C158}
		{66EEB549-6D3C-4ABC-834E-9DC59720DF4E} = {DC5065BC-D9B9-4B81-97D9-45527C90A0B6}
		{2A4FF077-4CA2-4FB5-A16C-D98F4F30D485} = {ADE4FB05-479F-4C5A-9E6E-1E785A26C158}
	EndGlobalSection
	GlobalSection(ExtensibilityGlobals) = postSolution
		SolutionGuid = {63FD3F6D-B455-40CC-8555-5F97A1068D2B}
	EndGlobalSection
EndGlobal
