
Microsoft Visual Studio Solution File, Format Version 12.00
# Visual Studio Version 16
VisualStudioVersion = 16.0.30011.22
MinimumVisualStudioVersion = 10.0.40219.1
Project("{9A19103F-16F7-4668-BE54-9A1E7A4F7556}") = "AAEmu.WorldConverter", "AAEmu.WorldConverter.csproj", "{F14485E4-8A96-42AA-9F08-B97AA1592A83}"
EndProject
Global
	GlobalSection(SolutionConfigurationPlatforms) = preSolution
		Debug|Any CPU = Debug|Any CPU
		Release|Any CPU = Release|Any CPU
	EndGlobalSection
	GlobalSection(ProjectConfigurationPlatforms) = postSolution
		{F14485E4-8A96-42AA-9F08-B97AA1592A83}.Debug|Any CPU.ActiveCfg = Debug|Any CPU
		{F14485E4-8A96-42AA-9F08-B97AA1592A83}.Debug|Any CPU.Build.0 = Debug|Any CPU
		{F14485E4-8A96-42AA-9F08-B97AA1592A83}.Release|Any CPU.ActiveCfg = Release|Any CPU
		{F14485E4-8A96-42AA-9F08-B97AA1592A83}.Release|Any CPU.Build.0 = Release|Any CPU
	EndGlobalSection
	GlobalSection(SolutionProperties) = preSolution
		HideSolutionNode = FALSE
	EndGlobalSection
	GlobalSection(ExtensibilityGlobals) = postSolution
		SolutionGuid = {9FC9B1B2-98D9-445D-A051-88E666B7272E}
	EndGlobalSection
EndGlobal
