
Microsoft Visual Studio Solution File, Format Version 12.00
# Visual Studio Version 16
VisualStudioVersion = 16.0.30711.63
MinimumVisualStudioVersion = 10.0.40219.1
Project("{FAE04EC0-301F-11D3-BF4B-00C04F79EFBC}") = "UpdatesForTransform", "UpdatesForTransform.csproj", "{7B8BA1AD-8040-4690-A1EF-B8E1E4746494}"
EndProject
Global
	GlobalSection(SolutionConfigurationPlatforms) = preSolution
		Debug|Any CPU = Debug|Any CPU
		Release|Any CPU = Release|Any CPU
	EndGlobalSection
	GlobalSection(ProjectConfigurationPlatforms) = postSolution
		{7B8BA1AD-8040-4690-A1EF-B8E1E4746494}.Debug|Any CPU.ActiveCfg = Debug|Any CPU
		{7B8BA1AD-8040-4690-A1EF-B8E1E4746494}.Debug|Any CPU.Build.0 = Debug|Any CPU
		{7B8BA1AD-8040-4690-A1EF-B8E1E4746494}.Release|Any CPU.ActiveCfg = Release|Any CPU
		{7B8BA1AD-8040-4690-A1EF-B8E1E4746494}.Release|Any CPU.Build.0 = Release|Any CPU
	EndGlobalSection
	GlobalSection(SolutionProperties) = preSolution
		HideSolutionNode = FALSE
	EndGlobalSection
	GlobalSection(ExtensibilityGlobals) = postSolution
		SolutionGuid = {2D90AC22-B221-498E-AF50-F0E49FE10DBF}
	EndGlobalSection
EndGlobal
